{
  "version": 4,
  "terraform_version": "1.15.8",
  "serial": 19,
  "lineage": "d9f1e2d1-5dcd-0f87-4972-ffc0df1d8a3d",
  "outputs": {
    "node_ip": {
      "value": "192.168.122.218",
      "type": "string"
    }
  },
  "resources": [
    {
      "mode": "managed",
      "type": "libvirt_cloudinit_disk",
      "name": "commoninit",
      "provider": "provider[\"registry.terraform.io/dmacvicar/libvirt\"]",
      "instances": [
        {
          "schema_version": 0,
          "attributes": {
            "id": "/var/lib/libvirt/images/commoninit.iso;71e6bddf-aa07-4483-adef-814de8828ad1",
            "meta_data": "",
            "name": "commoninit.iso",
            "network_config": "",
            "pool": "iron_logic_pool",
            "user_data": "#cloud-config\nusers:\n  - name: ironadmin\n    sudo: ALL=(ALL) NOPASSWD:ALL\n    groups: users, admin\n    home: /home/ironadmin\n    shell: /bin/bash\n    ssh_authorized_keys:\n      - ssh-rsa AAAAB3NzaC1yc2EAAAADAQABAAACAQCorw0DKyIdsltrLUXf41wkTuMqDSuT3mIBMiH7SDNiKntKD3XrlU2+PgAqHM2VzYlnfau0prsF4mRaGcKmyoam27R85nXBL9DJSXl9lGv88U7OpsALT2EV0epYk1YN0MY+sXGnF2eOS5ZlEZazNnFmM5UIN7nHJ1oE9Cvc2/W4pKrLpX4mfU7zxop3nuZDxKgeP8LQk0tGz/zYdm1P0wxcYsDo/ugBJ5H7EOQgQfB8145oZdrI76vIR9XWtuUNzOtq7Kdm7qR7AF3QP0PNKKQrTizu1RrgN0oQyI4tnFANH0SWgZXRPEYUD33NeaG+VZ+Jm5vfn93eLOdisiuO3qrstGA+yC01Q98+3D0ofxhamscwVMIZbVQgA04N7twgfi0pt7HeQHaavUKGJUWGJwKK6skOME1y1FSNbnWTrDCPb9GCTfS5vdRCOgvmoGA36YAAA+oWF0f6P5mO5S4JoKz+C1c9HcBwpKIjohDIMZwG3BPpMHaxq4jjKfvbfxuaJnpbtN56pxAvhoxv4WdEV89kObWeDsjzertXGNHZkLA7srFcPmmxa5M4L0rUyNjTxSA4usAxVSrDbLNjgxmp9Yxvtt8Bz1lyjvRm6UYDWCkOB4xrBKzhUjC9LwRt9Kpx0afVqfR9SioIbU9x0/krRVQ/oE6vug2U+IKQ0zmfuKiNVw== carroll@GarTradingPC\n\nssh_pwauth: false\ndisable_root: true\n"
          },
          "sensitive_attributes": [],
          "identity_schema_version": 0,
          "private": "bnVsbA==",
          "dependencies": [
            "libvirt_pool.iron_logic_pool"
          ]
        }
      ]
    },
    {
      "mode": "managed",
      "type": "libvirt_domain",
      "name": "sovereign_node_01",
      "provider": "provider[\"registry.terraform.io/dmacvicar/libvirt\"]",
      "instances": [
        {
          "schema_version": 0,
          "attributes": {
            "arch": "x86_64",
            "autostart": false,
            "boot_device": [],
            "cloudinit": "/var/lib/libvirt/images/commoninit.iso;71e6bddf-aa07-4483-adef-814de8828ad1",
            "cmdline": [],
            "console": [
              {
                "source_host": "127.0.0.1",
                "source_path": "",
                "source_service": "0",
                "target_port": "0",
                "target_type": "serial",
                "type": "pty"
              }
            ],
            "coreos_ignition": null,
            "cpu": [
              {
                "mode": "custom"
              }
            ],
            "description": "",
            "disk": [
              {
                "block_device": "",
                "file": "",
                "scsi": false,
                "url": "",
                "volume_id": "/var/lib/libvirt/images/ubuntu-jammy-base.qcow2",
                "wwn": ""
              }
            ],
            "emulator": "/usr/bin/qemu-system-x86_64",
            "filesystem": [],
            "firmware": null,
            "fw_cfg_name": "opt/com.coreos/config",
            "graphics": [],
            "id": "ffcc3e1b-f8e8-400d-b53c-7cd17c1f3d33",
            "initrd": "",
            "kernel": "",
            "machine": "ubuntu",
            "memory": 2048,
            "metadata": null,
            "name": "sovereign-node-01",
            "network_interface": [
              {
                "addresses": [
                  "192.168.122.218"
                ],
                "bridge": "",
                "hostname": "sovereign-node-01",
                "mac": "52:54:00:E2:1A:F0",
                "macvtap": "",
                "network_id": "acb76216-cddd-4356-87bf-ca76b6009072",
                "network_name": "default",
                "passthrough": "",
                "vepa": "",
                "wait_for_lease": true
              }
            ],
            "nvram": [],
            "qemu_agent": false,
            "running": true,
            "timeouts": null,
            "tpm": [],
            "type": "kvm",
            "vcpu": 2,
            "video": [],
            "xml": []
          },
          "sensitive_attributes": [],
          "identity_schema_version": 0,
          "private": "eyJlMmJmYjczMC1lY2FhLTExZTYtOGY4OC0zNDM2M2JjN2M0YzAiOnsiY3JlYXRlIjozMDAwMDAwMDAwMDB9fQ==",
          "dependencies": [
            "libvirt_cloudinit_disk.commoninit",
            "libvirt_pool.iron_logic_pool",
            "libvirt_volume.ubuntu_base"
          ]
        }
      ]
    },
    {
      "mode": "managed",
      "type": "libvirt_pool",
      "name": "iron_logic_pool",
      "provider": "provider[\"registry.terraform.io/dmacvicar/libvirt\"]",
      "instances": [
        {
          "schema_version": 0,
          "attributes": {
            "allocation": 5130584064,
            "available": 1075970592768,
            "capacity": 1081101176832,
            "id": "c8d89327-645e-4836-b31f-04293b44d6f1",
            "name": "iron_logic_pool",
            "path": "/var/lib/libvirt/images",
            "type": "dir",
            "xml": []
          },
          "sensitive_attributes": [],
          "identity_schema_version": 0,
          "private": "bnVsbA=="
        }
      ]
    },
    {
      "mode": "managed",
      "type": "libvirt_volume",
      "name": "ubuntu_base",
      "provider": "provider[\"registry.terraform.io/dmacvicar/libvirt\"]",
      "instances": [
        {
          "schema_version": 0,
          "attributes": {
            "base_volume_id": null,
            "base_volume_name": null,
            "base_volume_pool": null,
            "format": "qcow2",
            "id": "/var/lib/libvirt/images/ubuntu-jammy-base.qcow2",
            "name": "ubuntu-jammy-base.qcow2",
            "pool": "iron_logic_pool",
            "size": 2361393152,
            "source": "https://cloud-images.ubuntu.com/jammy/current/jammy-server-cloudimg-amd64.img",
            "xml": []
          },
          "sensitive_attributes": [],
          "identity_schema_version": 0,
          "private": "bnVsbA==",
          "dependencies": [
            "libvirt_pool.iron_logic_pool"
          ]
        }
      ]
    }
  ],
  "check_results": null
}
